{
  "name": "doc-generator",
  "version": "0.1.0",
  "lockfileVersion": 3,
  "requires": true,
  "packages": {
    "": {
      "name": "doc-generator",
      "version": "0.1.0",
      "dependencies": {
        "@rhwp/core": "^0.7.7"
      },
      "engines": {
        "node": ">=20"
      }
    },
    "node_modules/@rhwp/core": {
      "version": "0.7.7",
      "resolved": "https://registry.npmjs.org/@rhwp/core/-/core-0.7.7.tgz",
      "integrity": "sha512-FHWTdOO+YPY4SSOaFrGGc98AkzrnQy+IIZYng3C00Wqg3+BcaN0uk0cYx0YS4bwtefrPsT6b15fcG6rpNU8iyw==",
      "license": "MIT"
    }
  }
}
